
Microsoft Visual Studio Solution File, Format Version 12.00
# Visual Studio 15
VisualStudioVersion = 15.0.28307.489
MinimumVisualStudioVersion = 10.0.40219.1
Project("{9A19103F-16F7-4668-BE54-9A1E7A4F7556}") = "eProdaja.WebAPI", "eProdaja.WebAPI\eProdaja.WebAPI.csproj", "{B71B68DB-344F-435B-AAD1-2CDF08D6F944}"
EndProject
Project("{9A19103F-16F7-4668-BE54-9A1E7A4F7556}") = "eProdaja.Model", "eProdaja.Model\eProdaja.Model.csproj", "{1F75F1B8-7AF1-47B8-8594-EDCADB4756D8}"
EndProject
Project("{2150E333-8FDC-42A3-9474-1A3956D46DE8}") = "UI", "UI", "{89F0B4A4-5D98-44B1-BFA2-C322C4BA0BBB}"
EndProject
Project("{FAE04EC0-301F-11D3-BF4B-00C04F79EFBC}") = "eProdaja.WinUI", "eProdaja.WinUI\eProdaja.WinUI.csproj", "{2C67EDCB-0E03-4DCD-85CD-226C604A9D21}"
EndProject
Project("{2150E333-8FDC-42A3-9474-1A3956D46DE8}") = "Solution Items", "Solution Items", "{CD37490F-4E44-4C68-B5D6-FCF4C237F79A}"
	ProjectSection(SolutionItems) = preProject
		Preparation.txt = Preparation.txt
	EndProjectSection
EndProject
Project("{2150E333-8FDC-42A3-9474-1A3956D46DE8}") = "Mobile", "Mobile", "{DA4BD84B-4CF4-427B-A749-38F060E4AE1B}"
EndProject
Project("{FAE04EC0-301F-11D3-BF4B-00C04F79EFBC}") = "eProdaja.Mobile.Android", "eProdaja.Mobile\eProdaja.Mobile.Android\eProdaja.Mobile.Android.csproj", "{24CE3C36-16B9-426D-AA0C-5961ECF8D88C}"
EndProject
Project("{FAE04EC0-301F-11D3-BF4B-00C04F79EFBC}") = "eProdaja.Mobile.iOS", "eProdaja.Mobile\eProdaja.Mobile.iOS\eProdaja.Mobile.iOS.csproj", "{FC66B287-4DE6-4246-B9F9-CC454C04CFD6}"
EndProject
Project("{FAE04EC0-301F-11D3-BF4B-00C04F79EFBC}") = "eProdaja.Mobile.UWP", "eProdaja.Mobile\eProdaja.Mobile.UWP\eProdaja.Mobile.UWP.csproj", "{444783DF-4548-4202-AAA6-00779C353602}"
EndProject
Project("{FAE04EC0-301F-11D3-BF4B-00C04F79EFBC}") = "eProdaja.Mobile", "eProdaja.Mobile\eProdaja.Mobile\eProdaja.Mobile.csproj", "{66379619-9BD3-44F3-A628-0B556632F7DA}"
EndProject
Global
	GlobalSection(SolutionConfigurationPlatforms) = preSolution
		Debug|Any CPU = Debug|Any CPU
		Debug|ARM = Debug|ARM
		Debug|iPhone = Debug|iPhone
		Debug|iPhoneSimulator = Debug|iPhoneSimulator
		Debug|x64 = Debug|x64
		Debug|x86 = Debug|x86
		Release|Any CPU = Release|Any CPU
		Release|ARM = Release|ARM
		Release|iPhone = Release|iPhone
		Release|iPhoneSimulator = Release|iPhoneSimulator
		Release|x64 = Release|x64
		Release|x86 = Release|x86
	EndGlobalSection
	GlobalSection(ProjectConfigurationPlatforms) = postSolution
		{B71B68DB-344F-435B-AAD1-2CDF08D6F944}.Debug|Any CPU.ActiveCfg = Debug|Any CPU
		{B71B68DB-344F-435B-AAD1-2CDF08D6F944}.Debug|Any CPU.Build.0 = Debug|Any CPU
		{B71B68DB-344F-435B-AAD1-2CDF08D6F944}.Debug|ARM.ActiveCfg = Debug|Any CPU
		{B71B68DB-344F-435B-AAD1-2CDF08D6F944}.Debug|ARM.Build.0 = Debug|Any CPU
		{B71B68DB-344F-435B-AAD1-2CDF08D6F944}.Debug|iPhone.ActiveCfg = Debug|Any CPU
		{B71B68DB-344F-435B-AAD1-2CDF08D6F944}.Debug|iPhone.Build.0 = Debug|Any CPU
		{B71B68DB-344F-435B-AAD1-2CDF08D6F944}.Debug|iPhoneSimulator.ActiveCfg = Debug|Any CPU
		{B71B68DB-344F-435B-AAD1-2CDF08D6F944}.Debug|iPhoneSimulator.Build.0 = Debug|Any CPU
		{B71B68DB-344F-435B-AAD1-2CDF08D6F944}.Debug|x64.ActiveCfg = Debug|Any CPU
		{B71B68DB-344F-435B-AAD1-2CDF08D6F944}.Debug|x64.Build.0 = Debug|Any CPU
		{B71B68DB-344F-435B-AAD1-2CDF08D6F944}.Debug|x86.ActiveCfg = Debug|Any CPU
		{B71B68DB-344F-435B-AAD1-2CDF08D6F944}.Debug|x86.Build.0 = Debug|Any CPU
		{B71B68DB-344F-435B-AAD1-2CDF08D6F944}.Release|Any CPU.ActiveCfg = Release|Any CPU
		{B71B68DB-344F-435B-AAD1-2CDF08D6F944}.Release|Any CPU.Build.0 = Release|Any CPU
		{B71B68DB-344F-435B-AAD1-2CDF08D6F944}.Release|ARM.ActiveCfg = Release|Any CPU
		{B71B68DB-344F-435B-AAD1-2CDF08D6F944}.Release|ARM.Build.0 = Release|Any CPU
		{B71B68DB-344F-435B-AAD1-2CDF08D6F944}.Release|iPhone.ActiveCfg = Release|Any CPU
		{B71B68DB-344F-435B-AAD1-2CDF08D6F944}.Release|iPhone.Build.0 = Release|Any CPU
		{B71B68DB-344F-435B-AAD1-2CDF08D6F944}.Release|iPhoneSimulator.ActiveCfg = Release|Any CPU
		{B71B68DB-344F-435B-AAD1-2CDF08D6F944}.Release|iPhoneSimulator.Build.0 = Release|Any CPU
		{B71B68DB-344F-435B-AAD1-2CDF08D6F944}.Release|x64.ActiveCfg = Release|Any CPU
		{B71B68DB-344F-435B-AAD1-2CDF08D6F944}.Release|x64.Build.0 = Release|Any CPU
		{B71B68DB-344F-435B-AAD1-2CDF08D6F944}.Release|x86.ActiveCfg = Release|Any CPU
		{B71B68DB-344F-435B-AAD1-2CDF08D6F944}.Release|x86.Build.0 = Release|Any CPU
		{1F75F1B8-7AF1-47B8-8594-EDCADB4756D8}.Debug|Any CPU.ActiveCfg = Debug|Any CPU
		{1F75F1B8-7AF1-47B8-8594-EDCADB4756D8}.Debug|Any CPU.Build.0 = Debug|Any CPU
		{1F75F1B8-7AF1-47B8-8594-EDCADB4756D8}.Debug|ARM.ActiveCfg = Debug|Any CPU
		{1F75F1B8-7AF1-47B8-8594-EDCADB4756D8}.Debug|ARM.Build.0 = Debug|Any CPU
		{1F75F1B8-7AF1-47B8-8594-EDCADB4756D8}.Debug|iPhone.ActiveCfg = Debug|Any CPU
		{1F75F1B8-7AF1-47B8-8594-EDCADB4756D8}.Debug|iPhone.Build.0 = Debug|Any CPU
		{1F75F1B8-7AF1-47B8-8594-EDCADB4756D8}.Debug|iPhoneSimulator.ActiveCfg = Debug|Any CPU
		{1F75F1B8-7AF1-47B8-8594-EDCADB4756D8}.Debug|iPhoneSimulator.Build.0 = Debug|Any CPU
		{1F75F1B8-7AF1-47B8-8594-EDCADB4756D8}.Debug|x64.ActiveCfg = Debug|Any CPU
		{1F75F1B8-7AF1-47B8-8594-EDCADB4756D8}.Debug|x64.Build.0 = Debug|Any CPU
		{1F75F1B8-7AF1-47B8-8594-EDCADB4756D8}.Debug|x86.ActiveCfg = Debug|Any CPU
		{1F75F1B8-7AF1-47B8-8594-EDCADB4756D8}.Debug|x86.Build.0 = Debug|Any CPU
		{1F75F1B8-7AF1-47B8-8594-EDCADB4756D8}.Release|Any CPU.ActiveCfg = Release|Any CPU
		{1F75F1B8-7AF1-47B8-8594-EDCADB4756D8}.Release|Any CPU.Build.0 = Release|Any CPU
		{1F75F1B8-7AF1-47B8-8594-EDCADB4756D8}.Release|ARM.ActiveCfg = Release|Any CPU
		{1F75F1B8-7AF1-47B8-8594-EDCADB4756D8}.Release|ARM.Build.0 = Release|Any CPU
		{1F75F1B8-7AF1-47B8-8594-EDCADB4756D8}.Release|iPhone.ActiveCfg = Release|Any CPU
		{1F75F1B8-7AF1-47B8-8594-EDCADB4756D8}.Release|iPhone.Build.0 = Release|Any CPU
		{1F75F1B8-7AF1-47B8-8594-EDCADB4756D8}.Release|iPhoneSimulator.ActiveCfg = Release|Any CPU
		{1F75F1B8-7AF1-47B8-8594-EDCADB4756D8}.Release|iPhoneSimulator.Build.0 = Release|Any CPU
		{1F75F1B8-7AF1-47B8-8594-EDCADB4756D8}.Release|x64.ActiveCfg = Release|Any CPU
		{1F75F1B8-7AF1-47B8-8594-EDCADB4756D8}.Release|x64.Build.0 = Release|Any CPU
		{1F75F1B8-7AF1-47B8-8594-EDCADB4756D8}.Release|x86.ActiveCfg = Release|Any CPU
		{1F75F1B8-7AF1-47B8-8594-EDCADB4756D8}.Release|x86.Build.0 = Release|Any CPU
		{2C67EDCB-0E03-4DCD-85CD-226C604A9D21}.Debug|Any CPU.ActiveCfg = Debug|Any CPU
		{2C67EDCB-0E03-4DCD-85CD-226C604A9D21}.Debug|Any CPU.Build.0 = Debug|Any CPU
		{2C67EDCB-0E03-4DCD-85CD-226C604A9D21}.Debug|ARM.ActiveCfg = Debug|Any CPU
		{2C67EDCB-0E03-4DCD-85CD-226C604A9D21}.Debug|ARM.Build.0 = Debug|Any CPU
		{2C67EDCB-0E03-4DCD-85CD-226C604A9D21}.Debug|iPhone.ActiveCfg = Debug|Any CPU
		{2C67EDCB-0E03-4DCD-85CD-226C604A9D21}.Debug|iPhone.Build.0 = Debug|Any CPU
		{2C67EDCB-0E03-4DCD-85CD-226C604A9D21}.Debug|iPhoneSimulator.ActiveCfg = Debug|Any CPU
		{2C67EDCB-0E03-4DCD-85CD-226C604A9D21}.Debug|iPhoneSimulator.Build.0 = Debug|Any CPU
		{2C67EDCB-0E03-4DCD-85CD-226C604A9D21}.Debug|x64.ActiveCfg = Debug|Any CPU
		{2C67EDCB-0E03-4DCD-85CD-226C604A9D21}.Debug|x64.Build.0 = Debug|Any CPU
		{2C67EDCB-0E03-4DCD-85CD-226C604A9D21}.Debug|x86.ActiveCfg = Debug|Any CPU
		{2C67EDCB-0E03-4DCD-85CD-226C604A9D21}.Debug|x86.Build.0 = Debug|Any CPU
		{2C67EDCB-0E03-4DCD-85CD-226C604A9D21}.Release|Any CPU.ActiveCfg = Release|Any CPU
		{2C67EDCB-0E03-4DCD-85CD-226C604A9D21}.Release|Any CPU.Build.0 = Release|Any CPU
		{2C67EDCB-0E03-4DCD-85CD-226C604A9D21}.Release|ARM.ActiveCfg = Release|Any CPU
		{2C67EDCB-0E03-4DCD-85CD-226C604A9D21}.Release|ARM.Build.0 = Release|Any CPU
		{2C67EDCB-0E03-4DCD-85CD-226C604A9D21}.Release|iPhone.ActiveCfg = Release|Any CPU
		{2C67EDCB-0E03-4DCD-85CD-226C604A9D21}.Release|iPhone.Build.0 = Release|Any CPU
		{2C67EDCB-0E03-4DCD-85CD-226C604A9D21}.Release|iPhoneSimulator.ActiveCfg = Release|Any CPU
		{2C67EDCB-0E03-4DCD-85CD-226C604A9D21}.Release|iPhoneSimulator.Build.0 = Release|Any CPU
		{2C67EDCB-0E03-4DCD-85CD-226C604A9D21}.Release|x64.ActiveCfg = Release|Any CPU
		{2C67EDCB-0E03-4DCD-85CD-226C604A9D21}.Release|x64.Build.0 = Release|Any CPU
		{2C67EDCB-0E03-4DCD-85CD-226C604A9D21}.Release|x86.ActiveCfg = Release|Any CPU
		{2C67EDCB-0E03-4DCD-85CD-226C604A9D21}.Release|x86.Build.0 = Release|Any CPU
		{24CE3C36-16B9-426D-AA0C-5961ECF8D88C}.Debug|Any CPU.ActiveCfg = Debug|Any CPU
		{24CE3C36-16B9-426D-AA0C-5961ECF8D88C}.Debug|Any CPU.Build.0 = Debug|Any CPU
		{24CE3C36-16B9-426D-AA0C-5961ECF8D88C}.Debug|Any CPU.Deploy.0 = Debug|Any CPU
		{24CE3C36-16B9-426D-AA0C-5961ECF8D88C}.Debug|ARM.ActiveCfg = Debug|Any CPU
		{24CE3C36-16B9-426D-AA0C-5961ECF8D88C}.Debug|ARM.Build.0 = Debug|Any CPU
		{24CE3C36-16B9-426D-AA0C-5961ECF8D88C}.Debug|ARM.Deploy.0 = Debug|Any CPU
		{24CE3C36-16B9-426D-AA0C-5961ECF8D88C}.Debug|iPhone.ActiveCfg = Debug|Any CPU
		{24CE3C36-16B9-426D-AA0C-5961ECF8D88C}.Debug|iPhone.Build.0 = Debug|Any CPU
		{24CE3C36-16B9-426D-AA0C-5961ECF8D88C}.Debug|iPhone.Deploy.0 = Debug|Any CPU
		{24CE3C36-16B9-426D-AA0C-5961ECF8D88C}.Debug|iPhoneSimulator.ActiveCfg = Debug|Any CPU
		{24CE3C36-16B9-426D-AA0C-5961ECF8D88C}.Debug|iPhoneSimulator.Build.0 = Debug|Any CPU
		{24CE3C36-16B9-426D-AA0C-5961ECF8D88C}.Debug|iPhoneSimulator.Deploy.0 = Debug|Any CPU
		{24CE3C36-16B9-426D-AA0C-5961ECF8D88C}.Debug|x64.ActiveCfg = Debug|Any CPU
		{24CE3C36-16B9-426D-AA0C-5961ECF8D88C}.Debug|x64.Build.0 = Debug|Any CPU
		{24CE3C36-16B9-426D-AA0C-5961ECF8D88C}.Debug|x64.Deploy.0 = Debug|Any CPU
		{24CE3C36-16B9-426D-AA0C-5961ECF8D88C}.Debug|x86.ActiveCfg = Debug|Any CPU
		{24CE3C36-16B9-426D-AA0C-5961ECF8D88C}.Debug|x86.Build.0 = Debug|Any CPU
		{24CE3C36-16B9-426D-AA0C-5961ECF8D88C}.Debug|x86.Deploy.0 = Debug|Any CPU
		{24CE3C36-16B9-426D-AA0C-5961ECF8D88C}.Release|Any CPU.ActiveCfg = Release|Any CPU
		{24CE3C36-16B9-426D-AA0C-5961ECF8D88C}.Release|Any CPU.Build.0 = Release|Any CPU
		{24CE3C36-16B9-426D-AA0C-5961ECF8D88C}.Release|Any CPU.Deploy.0 = Release|Any CPU
		{24CE3C36-16B9-426D-AA0C-5961ECF8D88C}.Release|ARM.ActiveCfg = Release|Any CPU
		{24CE3C36-16B9-426D-AA0C-5961ECF8D88C}.Release|ARM.Build.0 = Release|Any CPU
		{24CE3C36-16B9-426D-AA0C-5961ECF8D88C}.Release|ARM.Deploy.0 = Release|Any CPU
		{24CE3C36-16B9-426D-AA0C-5961ECF8D88C}.Release|iPhone.ActiveCfg = Release|Any CPU
		{24CE3C36-16B9-426D-AA0C-5961ECF8D88C}.Release|iPhone.Build.0 = Release|Any CPU
		{24CE3C36-16B9-426D-AA0C-5961ECF8D88C}.Release|iPhone.Deploy.0 = Release|Any CPU
		{24CE3C36-16B9-426D-AA0C-5961ECF8D88C}.Release|iPhoneSimulator.ActiveCfg = Release|Any CPU
		{24CE3C36-16B9-426D-AA0C-5961ECF8D88C}.Release|iPhoneSimulator.Build.0 = Release|Any CPU
		{24CE3C36-16B9-426D-AA0C-5961ECF8D88C}.Release|iPhoneSimulator.Deploy.0 = Release|Any CPU
		{24CE3C36-16B9-426D-AA0C-5961ECF8D88C}.Release|x64.ActiveCfg = Release|Any CPU
		{24CE3C36-16B9-426D-AA0C-5961ECF8D88C}.Release|x64.Build.0 = Release|Any CPU
		{24CE3C36-16B9-426D-AA0C-5961ECF8D88C}.Release|x64.Deploy.0 = Release|Any CPU
		{24CE3C36-16B9-426D-AA0C-5961ECF8D88C}.Release|x86.ActiveCfg = Release|Any CPU
		{24CE3C36-16B9-426D-AA0C-5961ECF8D88C}.Release|x86.Build.0 = Release|Any CPU
		{24CE3C36-16B9-426D-AA0C-5961ECF8D88C}.Release|x86.Deploy.0 = Release|Any CPU
		{FC66B287-4DE6-4246-B9F9-CC454C04CFD6}.Debug|Any CPU.ActiveCfg = Debug|iPhone
		{FC66B287-4DE6-4246-B9F9-CC454C04CFD6}.Debug|ARM.ActiveCfg = Debug|iPhone
		{FC66B287-4DE6-4246-B9F9-CC454C04CFD6}.Debug|iPhone.ActiveCfg = Debug|iPhone
		{FC66B287-4DE6-4246-B9F9-CC454C04CFD6}.Debug|iPhone.Build.0 = Debug|iPhone
		{FC66B287-4DE6-4246-B9F9-CC454C04CFD6}.Debug|iPhoneSimulator.ActiveCfg = Debug|iPhoneSimulator
		{FC66B287-4DE6-4246-B9F9-CC454C04CFD6}.Debug|iPhoneSimulator.Build.0 = Debug|iPhoneSimulator
		{FC66B287-4DE6-4246-B9F9-CC454C04CFD6}.Debug|x64.ActiveCfg = Debug|iPhone
		{FC66B287-4DE6-4246-B9F9-CC454C04CFD6}.Debug|x86.ActiveCfg = Debug|iPhone
		{FC66B287-4DE6-4246-B9F9-CC454C04CFD6}.Release|Any CPU.ActiveCfg = Release|iPhone
		{FC66B287-4DE6-4246-B9F9-CC454C04CFD6}.Release|ARM.ActiveCfg = Release|iPhone
		{FC66B287-4DE6-4246-B9F9-CC454C04CFD6}.Release|iPhone.ActiveCfg = Release|iPhone
		{FC66B287-4DE6-4246-B9F9-CC454C04CFD6}.Release|iPhone.Build.0 = Release|iPhone
		{FC66B287-4DE6-4246-B9F9-CC454C04CFD6}.Release|iPhoneSimulator.ActiveCfg = Release|iPhoneSimulator
		{FC66B287-4DE6-4246-B9F9-CC454C04CFD6}.Release|iPhoneSimulator.Build.0 = Release|iPhoneSimulator
		{FC66B287-4DE6-4246-B9F9-CC454C04CFD6}.Release|x64.ActiveCfg = Release|iPhone
		{FC66B287-4DE6-4246-B9F9-CC454C04CFD6}.Release|x86.ActiveCfg = Release|iPhone
		{444783DF-4548-4202-AAA6-00779C353602}.Debug|Any CPU.ActiveCfg = Debug|x86
		{444783DF-4548-4202-AAA6-00779C353602}.Debug|ARM.ActiveCfg = Debug|ARM
		{444783DF-4548-4202-AAA6-00779C353602}.Debug|ARM.Build.0 = Debug|ARM
		{444783DF-4548-4202-AAA6-00779C353602}.Debug|ARM.Deploy.0 = Debug|ARM
		{444783DF-4548-4202-AAA6-00779C353602}.Debug|iPhone.ActiveCfg = Debug|x86
		{444783DF-4548-4202-AAA6-00779C353602}.Debug|iPhoneSimulator.ActiveCfg = Debug|x86
		{444783DF-4548-4202-AAA6-00779C353602}.Debug|x64.ActiveCfg = Debug|x64
		{444783DF-4548-4202-AAA6-00779C353602}.Debug|x64.Build.0 = Debug|x64
		{444783DF-4548-4202-AAA6-00779C353602}.Debug|x64.Deploy.0 = Debug|x64
		{444783DF-4548-4202-AAA6-00779C353602}.Debug|x86.ActiveCfg = Debug|x86
		{444783DF-4548-4202-AAA6-00779C353602}.Debug|x86.Build.0 = Debug|x86
		{444783DF-4548-4202-AAA6-00779C353602}.Debug|x86.Deploy.0 = Debug|x86
		{444783DF-4548-4202-AAA6-00779C353602}.Release|Any CPU.ActiveCfg = Release|x86
		{444783DF-4548-4202-AAA6-00779C353602}.Release|ARM.ActiveCfg = Release|ARM
		{444783DF-4548-4202-AAA6-00779C353602}.Release|ARM.Build.0 = Release|ARM
		{444783DF-4548-4202-AAA6-00779C353602}.Release|ARM.Deploy.0 = Release|ARM
		{444783DF-4548-4202-AAA6-00779C353602}.Release|iPhone.ActiveCfg = Release|x86
		{444783DF-4548-4202-AAA6-00779C353602}.Release|iPhoneSimulator.ActiveCfg = Release|x86
		{444783DF-4548-4202-AAA6-00779C353602}.Release|x64.ActiveCfg = Release|x64
		{444783DF-4548-4202-AAA6-00779C353602}.Release|x64.Build.0 = Release|x64
		{444783DF-4548-4202-AAA6-00779C353602}.Release|x64.Deploy.0 = Release|x64
		{444783DF-4548-4202-AAA6-00779C353602}.Release|x86.ActiveCfg = Release|x86
		{444783DF-4548-4202-AAA6-00779C353602}.Release|x86.Build.0 = Release|x86
		{444783DF-4548-4202-AAA6-00779C353602}.Release|x86.Deploy.0 = Release|x86
		{66379619-9BD3-44F3-A628-0B556632F7DA}.Debug|Any CPU.ActiveCfg = Debug|Any CPU
		{66379619-9BD3-44F3-A628-0B556632F7DA}.Debug|Any CPU.Build.0 = Debug|Any CPU
		{66379619-9BD3-44F3-A628-0B556632F7DA}.Debug|ARM.ActiveCfg = Debug|Any CPU
		{66379619-9BD3-44F3-A628-0B556632F7DA}.Debug|ARM.Build.0 = Debug|Any CPU
		{66379619-9BD3-44F3-A628-0B556632F7DA}.Debug|iPhone.ActiveCfg = Debug|Any CPU
		{66379619-9BD3-44F3-A628-0B556632F7DA}.Debug|iPhone.Build.0 = Debug|Any CPU
		{66379619-9BD3-44F3-A628-0B556632F7DA}.Debug|iPhoneSimulator.ActiveCfg = Debug|Any CPU
		{66379619-9BD3-44F3-A628-0B556632F7DA}.Debug|iPhoneSimulator.Build.0 = Debug|Any CPU
		{66379619-9BD3-44F3-A628-0B556632F7DA}.Debug|x64.ActiveCfg = Debug|Any CPU
		{66379619-9BD3-44F3-A628-0B556632F7DA}.Debug|x64.Build.0 = Debug|Any CPU
		{66379619-9BD3-44F3-A628-0B556632F7DA}.Debug|x86.ActiveCfg = Debug|Any CPU
		{66379619-9BD3-44F3-A628-0B556632F7DA}.Debug|x86.Build.0 = Debug|Any CPU
		{66379619-9BD3-44F3-A628-0B556632F7DA}.Release|Any CPU.ActiveCfg = Release|Any CPU
		{66379619-9BD3-44F3-A628-0B556632F7DA}.Release|Any CPU.Build.0 = Release|Any CPU
		{66379619-9BD3-44F3-A628-0B556632F7DA}.Release|ARM.ActiveCfg = Release|Any CPU
		{66379619-9BD3-44F3-A628-0B556632F7DA}.Release|ARM.Build.0 = Release|Any CPU
		{66379619-9BD3-44F3-A628-0B556632F7DA}.Release|iPhone.ActiveCfg = Release|Any CPU
		{66379619-9BD3-44F3-A628-0B556632F7DA}.Release|iPhone.Build.0 = Release|Any CPU
		{66379619-9BD3-44F3-A628-0B556632F7DA}.Release|iPhoneSimulator.ActiveCfg = Release|Any CPU
		{66379619-9BD3-44F3-A628-0B556632F7DA}.Release|iPhoneSimulator.Build.0 = Release|Any CPU
		{66379619-9BD3-44F3-A628-0B556632F7DA}.Release|x64.ActiveCfg = Release|Any CPU
		{66379619-9BD3-44F3-A628-0B556632F7DA}.Release|x64.Build.0 = Release|Any CPU
		{66379619-9BD3-44F3-A628-0B556632F7DA}.Release|x86.ActiveCfg = Release|Any CPU
		{66379619-9BD3-44F3-A628-0B556632F7DA}.Release|x86.Build.0 = Release|Any CPU
	EndGlobalSection
	GlobalSection(SolutionProperties) = preSolution
		HideSolutionNode = FALSE
	EndGlobalSection
	GlobalSection(NestedProjects) = preSolution
		{2C67EDCB-0E03-4DCD-85CD-226C604A9D21} = {89F0B4A4-5D98-44B1-BFA2-C322C4BA0BBB}
		{DA4BD84B-4CF4-427B-A749-38F060E4AE1B} = {89F0B4A4-5D98-44B1-BFA2-C322C4BA0BBB}
		{24CE3C36-16B9-426D-AA0C-5961ECF8D88C} = {DA4BD84B-4CF4-427B-A749-38F060E4AE1B}
		{FC66B287-4DE6-4246-B9F9-CC454C04CFD6} = {DA4BD84B-4CF4-427B-A749-38F060E4AE1B}
		{444783DF-4548-4202-AAA6-00779C353602} = {DA4BD84B-4CF4-427B-A749-38F060E4AE1B}
		{66379619-9BD3-44F3-A628-0B556632F7DA} = {DA4BD84B-4CF4-427B-A749-38F060E4AE1B}
	EndGlobalSection
	GlobalSection(ExtensibilityGlobals) = postSolution
		SolutionGuid = {0BDDE8C5-070B-4F4A-AFE5-00866A88A33B}
	EndGlobalSection
EndGlobal
